
Microsoft Visual Studio Solution File, Format Version 12.00
# Visual Studio Version 17
VisualStudioVersion = 17.4.33213.308
MinimumVisualStudioVersion = 10.0.40219.1
Project("{FAE04EC0-301F-11D3-BF4B-00C04F79EFBC}") = "eTickets", "eTickets\eTickets.csproj", "{11B0CD10-89FD-469C-B09A-E42966673AF5}"
EndProject
Global
	GlobalSection(SolutionConfigurationPlatforms) = preSolution
		Debug|Any CPU = Debug|Any CPU
		Release|Any CPU = Release|Any CPU
	EndGlobalSection
	GlobalSection(ProjectConfigurationPlatforms) = postSolution
		{11B0CD10-89FD-469C-B09A-E42966673AF5}.Debug|Any CPU.ActiveCfg = Debug|Any CPU
		{11B0CD10-89FD-469C-B09A-E42966673AF5}.Debug|Any CPU.Build.0 = Debug|Any CPU
		{11B0CD10-89FD-469C-B09A-E42966673AF5}.Release|Any CPU.ActiveCfg = Release|Any CPU
		{11B0CD10-89FD-469C-B09A-E42966673AF5}.Release|Any CPU.Build.0 = Release|Any CPU
	EndGlobalSection
	GlobalSection(SolutionProperties) = preSolution
		HideSolutionNode = FALSE
	EndGlobalSection
	GlobalSection(ExtensibilityGlobals) = postSolution
		SolutionGuid = {CBAF6D01-9E07-4ACE-AFF7-767CFC2C8A68}
	EndGlobalSection
EndGlobal
